
Microsoft Visual Studio Solution File, Format Version 12.00
# Visual Studio Version 17
VisualStudioVersion = 17.9.34902.65
MinimumVisualStudioVersion = 10.0.40219.1
Project("{2150E333-8FDC-42A3-9474-1A3956D46DE8}") = "src", "src", "{4A1BBCB4-A620-4C0D-9CC1-FC8C5442099D}"
EndProject
Project("{2150E333-8FDC-42A3-9474-1A3956D46DE8}") = "tests", "tests", "{E50314E7-A73A-414B-AEC3-069FDC43596A}"
EndProject
Project("{9A19103F-16F7-4668-BE54-9A1E7A4F7556}") = "AndOS.API", "src\AndOS.API\AndOS.API.csproj", "{8D888C37-AC8A-47B3-A255-20B4B2F80304}"
EndProject
Project("{9A19103F-16F7-4668-BE54-9A1E7A4F7556}") = "AndOS.Application", "src\AndOS.Application\AndOS.Application.csproj", "{2C1EFA51-AF9B-47B6-873A-A21FF0DA968F}"
EndProject
Project("{9A19103F-16F7-4668-BE54-9A1E7A4F7556}") = "AndOS.Common", "src\AndOS.Common\AndOS.Common.csproj", "{1041A5E7-D5E3-4166-87C7-86B3C9E4E64A}"
EndProject
Project("{9A19103F-16F7-4668-BE54-9A1E7A4F7556}") = "AndOS.Domain", "src\AndOS.Domain\AndOS.Domain.csproj", "{E8DC378C-5DFB-4A21-80D4-FB99CFCB2F03}"
EndProject
Project("{9A19103F-16F7-4668-BE54-9A1E7A4F7556}") = "AndOS.Infrastructure", "src\AndOS.Infrastructure\AndOS.Infrastructure.csproj", "{D1270105-C1E9-4529-9A67-0C276056FADE}"
EndProject
Project("{9A19103F-16F7-4668-BE54-9A1E7A4F7556}") = "AndOS.Shared", "..\AndOS.Shared\AndOS.Shared.csproj", "{7DAA6F8B-AEB1-486E-AE60-825AFF484724}"
EndProject
Project("{9A19103F-16F7-4668-BE54-9A1E7A4F7556}") = "AndOS.Core", "..\AndOS.Core\AndOS.Core.csproj", "{CE2F78B9-6D22-498E-BF76-128ED45E8F6C}"
EndProject
Project("{9A19103F-16F7-4668-BE54-9A1E7A4F7556}") = "Unit", "tests\Unit\Unit.csproj", "{E7395E1C-5899-47FB-9611-3F4935AB8D55}"
EndProject
Project("{9A19103F-16F7-4668-BE54-9A1E7A4F7556}") = "AndOS.Resources", "AndOS.Resources\AndOS.Resources.csproj", "{77E60227-1C96-49FF-BCAB-E6210D6BD954}"
EndProject
Project("{9A19103F-16F7-4668-BE54-9A1E7A4F7556}") = "Integration", "tests\Integration\Integration.csproj", "{26189D76-0564-4A5F-B835-5517ABBCA88D}"
EndProject
Project("{9A19103F-16F7-4668-BE54-9A1E7A4F7556}") = "Common", "tests\Common\Common.csproj", "{6EF96CC3-EC00-4480-A5A3-44CC43EA7920}"
EndProject
Project("{FAE04EC0-301F-11D3-BF4B-00C04F79EFBC}") = "AndOS.AppHost", "AndOS.AppHost\AndOS.AppHost.csproj", "{C61EB94B-CA1C-47CA-BDB7-DB3114F8C17E}"
EndProject
Project("{9A19103F-16F7-4668-BE54-9A1E7A4F7556}") = "AndOS.ServiceDefaults", "AndOS.ServiceDefaults\AndOS.ServiceDefaults.csproj", "{72FADC10-F8EF-42E5-ADEB-927CDA128812}"
EndProject
Global
	GlobalSection(SolutionConfigurationPlatforms) = preSolution
		Debug|Any CPU = Debug|Any CPU
		Release|Any CPU = Release|Any CPU
	EndGlobalSection
	GlobalSection(ProjectConfigurationPlatforms) = postSolution
		{8D888C37-AC8A-47B3-A255-20B4B2F80304}.Debug|Any CPU.ActiveCfg = Debug|Any CPU
		{8D888C37-AC8A-47B3-A255-20B4B2F80304}.Debug|Any CPU.Build.0 = Debug|Any CPU
		{8D888C37-AC8A-47B3-A255-20B4B2F80304}.Release|Any CPU.ActiveCfg = Release|Any CPU
		{8D888C37-AC8A-47B3-A255-20B4B2F80304}.Release|Any CPU.Build.0 = Release|Any CPU
		{2C1EFA51-AF9B-47B6-873A-A21FF0DA968F}.Debug|Any CPU.ActiveCfg = Debug|Any CPU
		{2C1EFA51-AF9B-47B6-873A-A21FF0DA968F}.Debug|Any CPU.Build.0 = Debug|Any CPU
		{2C1EFA51-AF9B-47B6-873A-A21FF0DA968F}.Release|Any CPU.ActiveCfg = Release|Any CPU
		{2C1EFA51-AF9B-47B6-873A-A21FF0DA968F}.Release|Any CPU.Build.0 = Release|Any CPU
		{1041A5E7-D5E3-4166-87C7-86B3C9E4E64A}.Debug|Any CPU.ActiveCfg = Debug|Any CPU
		{1041A5E7-D5E3-4166-87C7-86B3C9E4E64A}.Debug|Any CPU.Build.0 = Debug|Any CPU
		{1041A5E7-D5E3-4166-87C7-86B3C9E4E64A}.Release|Any CPU.ActiveCfg = Release|Any CPU
		{1041A5E7-D5E3-4166-87C7-86B3C9E4E64A}.Release|Any CPU.Build.0 = Release|Any CPU
		{E8DC378C-5DFB-4A21-80D4-FB99CFCB2F03}.Debug|Any CPU.ActiveCfg = Debug|Any CPU
		{E8DC378C-5DFB-4A21-80D4-FB99CFCB2F03}.Debug|Any CPU.Build.0 = Debug|Any CPU
		{E8DC378C-5DFB-4A21-80D4-FB99CFCB2F03}.Release|Any CPU.ActiveCfg = Release|Any CPU
		{E8DC378C-5DFB-4A21-80D4-FB99CFCB2F03}.Release|Any CPU.Build.0 = Release|Any CPU
		{D1270105-C1E9-4529-9A67-0C276056FADE}.Debug|Any CPU.ActiveCfg = Debug|Any CPU
		{D1270105-C1E9-4529-9A67-0C276056FADE}.Debug|Any CPU.Build.0 = Debug|Any CPU
		{D1270105-C1E9-4529-9A67-0C276056FADE}.Release|Any CPU.ActiveCfg = Release|Any CPU
		{D1270105-C1E9-4529-9A67-0C276056FADE}.Release|Any CPU.Build.0 = Release|Any CPU
		{7DAA6F8B-AEB1-486E-AE60-825AFF484724}.Debug|Any CPU.ActiveCfg = Debug|Any CPU
		{7DAA6F8B-AEB1-486E-AE60-825AFF484724}.Debug|Any CPU.Build.0 = Debug|Any CPU
		{7DAA6F8B-AEB1-486E-AE60-825AFF484724}.Release|Any CPU.ActiveCfg = Release|Any CPU
		{7DAA6F8B-AEB1-486E-AE60-825AFF484724}.Release|Any CPU.Build.0 = Release|Any CPU
		{CE2F78B9-6D22-498E-BF76-128ED45E8F6C}.Debug|Any CPU.ActiveCfg = Debug|Any CPU
		{CE2F78B9-6D22-498E-BF76-128ED45E8F6C}.Debug|Any CPU.Build.0 = Debug|Any CPU
		{CE2F78B9-6D22-498E-BF76-128ED45E8F6C}.Release|Any CPU.ActiveCfg = Release|Any CPU
		{CE2F78B9-6D22-498E-BF76-128ED45E8F6C}.Release|Any CPU.Build.0 = Release|Any CPU
		{E7395E1C-5899-47FB-9611-3F4935AB8D55}.Debug|Any CPU.ActiveCfg = Debug|Any CPU
		{E7395E1C-5899-47FB-9611-3F4935AB8D55}.Debug|Any CPU.Build.0 = Debug|Any CPU
		{E7395E1C-5899-47FB-9611-3F4935AB8D55}.Release|Any CPU.ActiveCfg = Release|Any CPU
		{E7395E1C-5899-47FB-9611-3F4935AB8D55}.Release|Any CPU.Build.0 = Release|Any CPU
		{77E60227-1C96-49FF-BCAB-E6210D6BD954}.Debug|Any CPU.ActiveCfg = Debug|Any CPU
		{77E60227-1C96-49FF-BCAB-E6210D6BD954}.Debug|Any CPU.Build.0 = Debug|Any CPU
		{77E60227-1C96-49FF-BCAB-E6210D6BD954}.Release|Any CPU.ActiveCfg = Release|Any CPU
		{77E60227-1C96-49FF-BCAB-E6210D6BD954}.Release|Any CPU.Build.0 = Release|Any CPU
		{26189D76-0564-4A5F-B835-5517ABBCA88D}.Debug|Any CPU.ActiveCfg = Debug|Any CPU
		{26189D76-0564-4A5F-B835-5517ABBCA88D}.Debug|Any CPU.Build.0 = Debug|Any CPU
		{26189D76-0564-4A5F-B835-5517ABBCA88D}.Release|Any CPU.ActiveCfg = Release|Any CPU
		{26189D76-0564-4A5F-B835-5517ABBCA88D}.Release|Any CPU.Build.0 = Release|Any CPU
		{6EF96CC3-EC00-4480-A5A3-44CC43EA7920}.Debug|Any CPU.ActiveCfg = Debug|Any CPU
		{6EF96CC3-EC00-4480-A5A3-44CC43EA7920}.Debug|Any CPU.Build.0 = Debug|Any CPU
		{6EF96CC3-EC00-4480-A5A3-44CC43EA7920}.Release|Any CPU.ActiveCfg = Release|Any CPU
		{6EF96CC3-EC00-4480-A5A3-44CC43EA7920}.Release|Any CPU.Build.0 = Release|Any CPU
		{C61EB94B-CA1C-47CA-BDB7-DB3114F8C17E}.Debug|Any CPU.ActiveCfg = Debug|Any CPU
		{C61EB94B-CA1C-47CA-BDB7-DB3114F8C17E}.Debug|Any CPU.Build.0 = Debug|Any CPU
		{C61EB94B-CA1C-47CA-BDB7-DB3114F8C17E}.Release|Any CPU.ActiveCfg = Release|Any CPU
		{C61EB94B-CA1C-47CA-BDB7-DB3114F8C17E}.Release|Any CPU.Build.0 = Release|Any CPU
		{72FADC10-F8EF-42E5-ADEB-927CDA128812}.Debug|Any CPU.ActiveCfg = Debug|Any CPU
		{72FADC10-F8EF-42E5-ADEB-927CDA128812}.Debug|Any CPU.Build.0 = Debug|Any CPU
		{72FADC10-F8EF-42E5-ADEB-927CDA128812}.Release|Any CPU.ActiveCfg = Release|Any CPU
		{72FADC10-F8EF-42E5-ADEB-927CDA128812}.Release|Any CPU.Build.0 = Release|Any CPU
	EndGlobalSection
	GlobalSection(SolutionProperties) = preSolution
		HideSolutionNode = FALSE
	EndGlobalSection
	GlobalSection(NestedProjects) = preSolution
		{8D888C37-AC8A-47B3-A255-20B4B2F80304} = {4A1BBCB4-A620-4C0D-9CC1-FC8C5442099D}
		{2C1EFA51-AF9B-47B6-873A-A21FF0DA968F} = {4A1BBCB4-A620-4C0D-9CC1-FC8C5442099D}
		{1041A5E7-D5E3-4166-87C7-86B3C9E4E64A} = {4A1BBCB4-A620-4C0D-9CC1-FC8C5442099D}
		{E8DC378C-5DFB-4A21-80D4-FB99CFCB2F03} = {4A1BBCB4-A620-4C0D-9CC1-FC8C5442099D}
		{D1270105-C1E9-4529-9A67-0C276056FADE} = {4A1BBCB4-A620-4C0D-9CC1-FC8C5442099D}
		{E7395E1C-5899-47FB-9611-3F4935AB8D55} = {E50314E7-A73A-414B-AEC3-069FDC43596A}
		{26189D76-0564-4A5F-B835-5517ABBCA88D} = {E50314E7-A73A-414B-AEC3-069FDC43596A}
		{6EF96CC3-EC00-4480-A5A3-44CC43EA7920} = {E50314E7-A73A-414B-AEC3-069FDC43596A}
	EndGlobalSection
	GlobalSection(ExtensibilityGlobals) = postSolution
		SolutionGuid = {6572B808-8DC0-4324-8B9E-12C71CE1DEBA}
	EndGlobalSection
EndGlobal
